// !$*UTF8*$!
{
	archiveVersion = 1;
	classes = {
	};
	objectVersion = 46;
	objects = {

/* Begin PBXBuildFile section */
		5B458E3D1BE4982900D4CB6A /* PersonOpetionTableViewCell.m in Sources */ = {isa = PBXBuildFile; fileRef = 5B458E3C1BE4982900D4CB6A /* PersonOpetionTableViewCell.m */; settings = {ASSET_TAGS = (); }; };
		5B458E461BE4A83A00D4CB6A /* PersonDataViewController.m in Sources */ = {isa = PBXBuildFile; fileRef = 5B458E451BE4A83A00D4CB6A /* PersonDataViewController.m */; settings = {ASSET_TAGS = (); }; };
		5B49B6AC1BE9D8600091A7EA /* PersonOrderViewController.m in Sources */ = {isa = PBXBuildFile; fileRef = 5B49B6AB1BE9D8600091A7EA /* PersonOrderViewController.m */; settings = {ASSET_TAGS = (); }; };
		5B49B6AF1BE9D86D0091A7EA /* PersonDataChangeViewController.m in Sources */ = {isa = PBXBuildFile; fileRef = 5B49B6AE1BE9D86D0091A7EA /* PersonDataChangeViewController.m */; settings = {ASSET_TAGS = (); }; };
		5B49B6B21BE9D8790091A7EA /* PersonOpetionViewController.m in Sources */ = {isa = PBXBuildFile; fileRef = 5B49B6B11BE9D8790091A7EA /* PersonOpetionViewController.m */; settings = {ASSET_TAGS = (); }; };
		5B49B6B51BE9D8A10091A7EA /* UIColor+Hex.m in Sources */ = {isa = PBXBuildFile; fileRef = 5B49B6B41BE9D8A10091A7EA /* UIColor+Hex.m */; settings = {ASSET_TAGS = (); }; };
		5B49B6B71BE9FBCB0091A7EA /* MapKit.framework in Frameworks */ = {isa = PBXBuildFile; fileRef = 5B49B6B61BE9FBCB0091A7EA /* MapKit.framework */; };
		5B4E1E141BDB6C9B00D54B88 /* main.m in Sources */ = {isa = PBXBuildFile; fileRef = 5B4E1E131BDB6C9B00D54B88 /* main.m */; };
		5B4E1E171BDB6C9B00D54B88 /* AppDelegate.m in Sources */ = {isa = PBXBuildFile; fileRef = 5B4E1E161BDB6C9B00D54B88 /* AppDelegate.m */; };
		5B4E1E1D1BDB6C9B00D54B88 /* Main.storyboard in Resources */ = {isa = PBXBuildFile; fileRef = 5B4E1E1B1BDB6C9B00D54B88 /* Main.storyboard */; };
		5B4E1E1F1BDB6C9B00D54B88 /* Assets.xcassets in Resources */ = {isa = PBXBuildFile; fileRef = 5B4E1E1E1BDB6C9B00D54B88 /* Assets.xcassets */; };
		5B4E1E221BDB6C9B00D54B88 /* LaunchScreen.storyboard in Resources */ = {isa = PBXBuildFile; fileRef = 5B4E1E201BDB6C9B00D54B88 /* LaunchScreen.storyboard */; };
		5B4E1E2D1BDB6C9B00D54B88 /* HappyAtHomeTests.m in Sources */ = {isa = PBXBuildFile; fileRef = 5B4E1E2C1BDB6C9B00D54B88 /* HappyAtHomeTests.m */; };
		5B4E1E381BDB6C9C00D54B88 /* HappyAtHomeUITests.m in Sources */ = {isa = PBXBuildFile; fileRef = 5B4E1E371BDB6C9C00D54B88 /* HappyAtHomeUITests.m */; };
		5B6890491BE305D70089A728 /* PersonCenterViewController.m in Sources */ = {isa = PBXBuildFile; fileRef = 5B6890481BE305D70089A728 /* PersonCenterViewController.m */; settings = {ASSET_TAGS = (); }; };
		5B68904C1BE309F80089A728 /* PersonCenterTableViewCell.m in Sources */ = {isa = PBXBuildFile; fileRef = 5B68904B1BE309F80089A728 /* PersonCenterTableViewCell.m */; settings = {ASSET_TAGS = (); }; };
		5B68904F1BE317CD0089A728 /* PersonCenterHeadTableViewCell.m in Sources */ = {isa = PBXBuildFile; fileRef = 5B68904E1BE317CD0089A728 /* PersonCenterHeadTableViewCell.m */; settings = {ASSET_TAGS = (); }; };
		5B6890591BE341AA0089A728 /* 0.png in Resources */ = {isa = PBXBuildFile; fileRef = 5B6890511BE341AA0089A728 /* 0.png */; settings = {ASSET_TAGS = (); }; };
		5B68905A1BE341AA0089A728 /* 1.png in Resources */ = {isa = PBXBuildFile; fileRef = 5B6890521BE341AA0089A728 /* 1.png */; settings = {ASSET_TAGS = (); }; };
		5B68905B1BE341AA0089A728 /* 6.png in Resources */ = {isa = PBXBuildFile; fileRef = 5B6890531BE341AA0089A728 /* 6.png */; settings = {ASSET_TAGS = (); }; };
		5B68905C1BE341AA0089A728 /* 4.png in Resources */ = {isa = PBXBuildFile; fileRef = 5B6890541BE341AA0089A728 /* 4.png */; settings = {ASSET_TAGS = (); }; };
		5B68905D1BE341AA0089A728 /* 7.png in Resources */ = {isa = PBXBuildFile; fileRef = 5B6890551BE341AA0089A728 /* 7.png */; settings = {ASSET_TAGS = (); }; };
		5B68905E1BE341AA0089A728 /* 2.png in Resources */ = {isa = PBXBuildFile; fileRef = 5B6890561BE341AA0089A728 /* 2.png */; settings = {ASSET_TAGS = (); }; };
		5B68905F1BE341AA0089A728 /* 3.png in Resources */ = {isa = PBXBuildFile; fileRef = 5B6890571BE341AA0089A728 /* 3.png */; settings = {ASSET_TAGS = (); }; };
		5B6890631BE349B50089A728 /* home_p.png in Resources */ = {isa = PBXBuildFile; fileRef = 5B6890611BE349B50089A728 /* home_p.png */; settings = {ASSET_TAGS = (); }; };
		5B6890641BE349B50089A728 /* home_p@2x.png in Resources */ = {isa = PBXBuildFile; fileRef = 5B6890621BE349B50089A728 /* home_p@2x.png */; settings = {ASSET_TAGS = (); }; };
/* End PBXBuildFile section */

/* Begin PBXContainerItemProxy section */
		5B4E1E291BDB6C9B00D54B88 /* PBXContainerItemProxy */ = {
			isa = PBXContainerItemProxy;
			containerPortal = 5B4E1E071BDB6C9B00D54B88 /* Project object */;
			proxyType = 1;
			remoteGlobalIDString = 5B4E1E0E1BDB6C9B00D54B88;
			remoteInfo = HappyAtHome;
		};
		5B4E1E341BDB6C9C00D54B88 /* PBXContainerItemProxy */ = {
			isa = PBXContainerItemProxy;
			containerPortal = 5B4E1E071BDB6C9B00D54B88 /* Project object */;
			proxyType = 1;
			remoteGlobalIDString = 5B4E1E0E1BDB6C9B00D54B88;
			remoteInfo = HappyAtHome;
		};
/* End PBXContainerItemProxy section */

/* Begin PBXFileReference section */
		5B458E3B1BE4982900D4CB6A /* PersonOpetionTableViewCell.h */ = {isa = PBXFileReference; fileEncoding = 4; lastKnownFileType = sourcecode.c.h; name = PersonOpetionTableViewCell.h; path = Controller/PersonOpetionTableViewCell.h; sourceTree = "<group>"; };
		5B458E3C1BE4982900D4CB6A /* PersonOpetionTableViewCell.m */ = {isa = PBXFileReference; fileEncoding = 4; lastKnownFileType = sourcecode.c.objc; name = PersonOpetionTableViewCell.m; path = Controller/PersonOpetionTableViewCell.m; sourceTree = "<group>"; };
		5B458E441BE4A83A00D4CB6A /* PersonDataViewController.h */ = {isa = PBXFileReference; fileEncoding = 4; lastKnownFileType = sourcecode.c.h; name = PersonDataViewController.h; path = Controller/PersonDataViewController.h; sourceTree = "<group>"; };
		5B458E451BE4A83A00D4CB6A /* PersonDataViewController.m */ = {isa = PBXFileReference; fileEncoding = 4; lastKnownFileType = sourcecode.c.objc; name = PersonDataViewController.m; path = Controller/PersonDataViewController.m; sourceTree = "<group>"; };
		5B49B6AA1BE9D8600091A7EA /* PersonOrderViewController.h */ = {isa = PBXFileReference; fileEncoding = 4; lastKnownFileType = sourcecode.c.h; name = PersonOrderViewController.h; path = Controller/PersonOrderViewController.h; sourceTree = "<group>"; };
		5B49B6AB1BE9D8600091A7EA /* PersonOrderViewController.m */ = {isa = PBXFileReference; fileEncoding = 4; lastKnownFileType = sourcecode.c.objc; name = PersonOrderViewController.m; path = Controller/PersonOrderViewController.m; sourceTree = "<group>"; };
		5B49B6AD1BE9D86D0091A7EA /* PersonDataChangeViewController.h */ = {isa = PBXFileReference; fileEncoding = 4; lastKnownFileType = sourcecode.c.h; name = PersonDataChangeViewController.h; path = Controller/PersonDataChangeViewController.h; sourceTree = "<group>"; };
		5B49B6AE1BE9D86D0091A7EA /* PersonDataChangeViewController.m */ = {isa = PBXFileReference; fileEncoding = 4; lastKnownFileType = sourcecode.c.objc; name = PersonDataChangeViewController.m; path = Controller/PersonDataChangeViewController.m; sourceTree = "<group>"; };
		5B49B6B01BE9D8790091A7EA /* PersonOpetionViewController.h */ = {isa = PBXFileReference; fileEncoding = 4; lastKnownFileType = sourcecode.c.h; name = PersonOpetionViewController.h; path = Controller/PersonOpetionViewController.h; sourceTree = "<group>"; };
		5B49B6B11BE9D8790091A7EA /* PersonOpetionViewController.m */ = {isa = PBXFileReference; fileEncoding = 4; lastKnownFileType = sourcecode.c.objc; name = PersonOpetionViewController.m; path = Controller/PersonOpetionViewController.m; sourceTree = "<group>"; };
		5B49B6B31BE9D8A10091A7EA /* UIColor+Hex.h */ = {isa = PBXFileReference; fileEncoding = 4; lastKnownFileType = sourcecode.c.h; name = "UIColor+Hex.h"; path = "Category/UIColor+Hex.h"; sourceTree = "<group>"; };
		5B49B6B41BE9D8A10091A7EA /* UIColor+Hex.m */ = {isa = PBXFileReference; fileEncoding = 4; lastKnownFileType = sourcecode.c.objc; name = "UIColor+Hex.m"; path = "Category/UIColor+Hex.m"; sourceTree = "<group>"; };
		5B49B6B61BE9FBCB0091A7EA /* MapKit.framework */ = {isa = PBXFileReference; lastKnownFileType = wrapper.framework; name = MapKit.framework; path = System/Library/Frameworks/MapKit.framework; sourceTree = SDKROOT; };
		5B4E1E0F1BDB6C9B00D54B88 /* HappyAtHome.app */ = {isa = PBXFileReference; explicitFileType = wrapper.application; includeInIndex = 0; path = HappyAtHome.app; sourceTree = BUILT_PRODUCTS_DIR; };
		5B4E1E131BDB6C9B00D54B88 /* main.m */ = {isa = PBXFileReference; lastKnownFileType = sourcecode.c.objc; path = main.m; sourceTree = "<group>"; };
		5B4E1E151BDB6C9B00D54B88 /* AppDelegate.h */ = {isa = PBXFileReference; lastKnownFileType = sourcecode.c.h; path = AppDelegate.h; sourceTree = "<group>"; };
		5B4E1E161BDB6C9B00D54B88 /* AppDelegate.m */ = {isa = PBXFileReference; lastKnownFileType = sourcecode.c.objc; path = AppDelegate.m; sourceTree = "<group>"; };
		5B4E1E1C1BDB6C9B00D54B88 /* Base */ = {isa = PBXFileReference; lastKnownFileType = file.storyboard; name = Base; path = Base.lproj/Main.storyboard; sourceTree = "<group>"; };
		5B4E1E1E1BDB6C9B00D54B88 /* Assets.xcassets */ = {isa = PBXFileReference; lastKnownFileType = folder.assetcatalog; path = Assets.xcassets; sourceTree = "<group>"; };
		5B4E1E211BDB6C9B00D54B88 /* Base */ = {isa = PBXFileReference; lastKnownFileType = file.storyboard; name = Base; path = Base.lproj/LaunchScreen.storyboard; sourceTree = "<group>"; };
		5B4E1E231BDB6C9B00D54B88 /* Info.plist */ = {isa = PBXFileReference; lastKnownFileType = text.plist.xml; path = Info.plist; sourceTree = "<group>"; };
		5B4E1E281BDB6C9B00D54B88 /* HappyAtHomeTests.xctest */ = {isa = PBXFileReference; explicitFileType = wrapper.cfbundle; includeInIndex = 0; path = HappyAtHomeTests.xctest; sourceTree = BUILT_PRODUCTS_DIR; };
		5B4E1E2C1BDB6C9B00D54B88 /* HappyAtHomeTests.m */ = {isa = PBXFileReference; lastKnownFileType = sourcecode.c.objc; path = HappyAtHomeTests.m; sourceTree = "<group>"; };
		5B4E1E2E1BDB6C9B00D54B88 /* Info.plist */ = {isa = PBXFileReference; lastKnownFileType = text.plist.xml; path = Info.plist; sourceTree = "<group>"; };
		5B4E1E331BDB6C9C00D54B88 /* HappyAtHomeUITests.xctest */ = {isa = PBXFileReference; explicitFileType = wrapper.cfbundle; includeInIndex = 0; path = HappyAtHomeUITests.xctest; sourceTree = BUILT_PRODUCTS_DIR; };
		5B4E1E371BDB6C9C00D54B88 /* HappyAtHomeUITests.m */ = {isa = PBXFileReference; lastKnownFileType = sourcecode.c.objc; path = HappyAtHomeUITests.m; sourceTree = "<group>"; };
		5B4E1E391BDB6C9C00D54B88 /* Info.plist */ = {isa = PBXFileReference; lastKnownFileType = text.plist.xml; path = Info.plist; sourceTree = "<group>"; };
		5B6890471BE305D70089A728 /* PersonCenterViewController.h */ = {isa = PBXFileReference; fileEncoding = 4; lastKnownFileType = sourcecode.c.h; name = PersonCenterViewController.h; path = Controller/PersonCenterViewController.h; sourceTree = "<group>"; };
		5B6890481BE305D70089A728 /* PersonCenterViewController.m */ = {isa = PBXFileReference; fileEncoding = 4; lastKnownFileType = sourcecode.c.objc; name = PersonCenterViewController.m; path = Controller/PersonCenterViewController.m; sourceTree = "<group>"; };
		5B68904A1BE309F80089A728 /* PersonCenterTableViewCell.h */ = {isa = PBXFileReference; fileEncoding = 4; lastKnownFileType = sourcecode.c.h; name = PersonCenterTableViewCell.h; path = Controller/PersonCenterTableViewCell.h; sourceTree = "<group>"; };
		5B68904B1BE309F80089A728 /* PersonCenterTableViewCell.m */ = {isa = PBXFileReference; fileEncoding = 4; lastKnownFileType = sourcecode.c.objc; name = PersonCenterTableViewCell.m; path = Controller/PersonCenterTableViewCell.m; sourceTree = "<group>"; };
		5B68904D1BE317CD0089A728 /* PersonCenterHeadTableViewCell.h */ = {isa = PBXFileReference; fileEncoding = 4; lastKnownFileType = sourcecode.c.h; name = PersonCenterHeadTableViewCell.h; path = Controller/PersonCenterHeadTableViewCell.h; sourceTree = "<group>"; };
		5B68904E1BE317CD0089A728 /* PersonCenterHeadTableViewCell.m */ = {isa = PBXFileReference; fileEncoding = 4; lastKnownFileType = sourcecode.c.objc; name = PersonCenterHeadTableViewCell.m; path = Controller/PersonCenterHeadTableViewCell.m; sourceTree = "<group>"; };
		5B6890511BE341AA0089A728 /* 0.png */ = {isa = PBXFileReference; lastKnownFileType = image.png; path = 0.png; sourceTree = "<group>"; };
		5B6890521BE341AA0089A728 /* 1.png */ = {isa = PBXFileReference; lastKnownFileType = image.png; path = 1.png; sourceTree = "<group>"; };
		5B6890531BE341AA0089A728 /* 6.png */ = {isa = PBXFileReference; lastKnownFileType = image.png; path = 6.png; sourceTree = "<group>"; };
		5B6890541BE341AA0089A728 /* 4.png */ = {isa = PBXFileReference; lastKnownFileType = image.png; path = 4.png; sourceTree = "<group>"; };
		5B6890551BE341AA0089A728 /* 7.png */ = {isa = PBXFileReference; lastKnownFileType = image.png; path = 7.png; sourceTree = "<group>"; };
		5B6890561BE341AA0089A728 /* 2.png */ = {isa = PBXFileReference; lastKnownFileType = image.png; path = 2.png; sourceTree = "<group>"; };
		5B6890571BE341AA0089A728 /* 3.png */ = {isa = PBXFileReference; lastKnownFileType = image.png; path = 3.png; sourceTree = "<group>"; };
		5B6890611BE349B50089A728 /* home_p.png */ = {isa = PBXFileReference; lastKnownFileType = image.png; path = home_p.png; sourceTree = "<group>"; };
		5B6890621BE349B50089A728 /* home_p@2x.png */ = {isa = PBXFileReference; lastKnownFileType = image.png; path = "home_p@2x.png"; sourceTree = "<group>"; };
/* End PBXFileReference section */

/* Begin PBXFrameworksBuildPhase section */
		5B4E1E0C1BDB6C9B00D54B88 /* Frameworks */ = {
			isa = PBXFrameworksBuildPhase;
			buildActionMask = 2147483647;
			files = (
				5B49B6B71BE9FBCB0091A7EA /* MapKit.framework in Frameworks */,
			);
			runOnlyForDeploymentPostprocessing = 0;
		};
		5B4E1E251BDB6C9B00D54B88 /* Frameworks */ = {
			isa = PBXFrameworksBuildPhase;
			buildActionMask = 2147483647;
			files = (
			);
			runOnlyForDeploymentPostprocessing = 0;
		};
		5B4E1E301BDB6C9C00D54B88 /* Frameworks */ = {
			isa = PBXFrameworksBuildPhase;
			buildActionMask = 2147483647;
			files = (
			);
			runOnlyForDeploymentPostprocessing = 0;
		};
/* End PBXFrameworksBuildPhase section */

/* Begin PBXGroup section */
		5B458E411BE4A64800D4CB6A /* PersonCenter */ = {
			isa = PBXGroup;
			children = (
				5B6890471BE305D70089A728 /* PersonCenterViewController.h */,
				5B6890481BE305D70089A728 /* PersonCenterViewController.m */,
				5B68904A1BE309F80089A728 /* PersonCenterTableViewCell.h */,
				5B68904B1BE309F80089A728 /* PersonCenterTableViewCell.m */,
				5B68904D1BE317CD0089A728 /* PersonCenterHeadTableViewCell.h */,
				5B68904E1BE317CD0089A728 /* PersonCenterHeadTableViewCell.m */,
				5B8DBA371BE84D0400641E86 /* PersonOrder */,
				5B458E431BE4A81300D4CB6A /* PersonData */,
				5B458E421BE4A65100D4CB6A /* Opetion */,
			);
			name = PersonCenter;
			sourceTree = "<group>";
		};
		5B458E421BE4A65100D4CB6A /* Opetion */ = {
			isa = PBXGroup;
			children = (
				5B49B6B01BE9D8790091A7EA /* PersonOpetionViewController.h */,
				5B49B6B11BE9D8790091A7EA /* PersonOpetionViewController.m */,
				5B458E3B1BE4982900D4CB6A /* PersonOpetionTableViewCell.h */,
				5B458E3C1BE4982900D4CB6A /* PersonOpetionTableViewCell.m */,
			);
			name = Opetion;
			sourceTree = "<group>";
		};
		5B458E431BE4A81300D4CB6A /* PersonData */ = {
			isa = PBXGroup;
			children = (
				5B49B6AD1BE9D86D0091A7EA /* PersonDataChangeViewController.h */,
				5B49B6AE1BE9D86D0091A7EA /* PersonDataChangeViewController.m */,
				5B458E441BE4A83A00D4CB6A /* PersonDataViewController.h */,
				5B458E451BE4A83A00D4CB6A /* PersonDataViewController.m */,
			);
			name = PersonData;
			sourceTree = "<group>";
		};
		5B49B6A81BE9D7C30091A7EA /* Category */ = {
			isa = PBXGroup;
			children = (
				5B49B6A91BE9D7E50091A7EA /* UIColor */,
			);
			name = Category;
			sourceTree = "<group>";
		};
		5B49B6A91BE9D7E50091A7EA /* UIColor */ = {
			isa = PBXGroup;
			children = (
				5B49B6B31BE9D8A10091A7EA /* UIColor+Hex.h */,
				5B49B6B41BE9D8A10091A7EA /* UIColor+Hex.m */,
			);
			name = UIColor;
			sourceTree = "<group>";
		};
		5B4E1E061BDB6C9B00D54B88 = {
			isa = PBXGroup;
			children = (
				5B49B6B61BE9FBCB0091A7EA /* MapKit.framework */,
				5B6890501BE341AA0089A728 /* 未命名文件夹 */,
				5B4E1E111BDB6C9B00D54B88 /* HappyAtHome */,
				5B4E1E2B1BDB6C9B00D54B88 /* HappyAtHomeTests */,
				5B4E1E361BDB6C9C00D54B88 /* HappyAtHomeUITests */,
				5B4E1E101BDB6C9B00D54B88 /* Products */,
			);
			sourceTree = "<group>";
		};
		5B4E1E101BDB6C9B00D54B88 /* Products */ = {
			isa = PBXGroup;
			children = (
				5B4E1E0F1BDB6C9B00D54B88 /* HappyAtHome.app */,
				5B4E1E281BDB6C9B00D54B88 /* HappyAtHomeTests.xctest */,
				5B4E1E331BDB6C9C00D54B88 /* HappyAtHomeUITests.xctest */,
			);
			name = Products;
			sourceTree = "<group>";
		};
		5B4E1E111BDB6C9B00D54B88 /* HappyAtHome */ = {
			isa = PBXGroup;
			children = (
				5B49B6A81BE9D7C30091A7EA /* Category */,
				5B6890461BE3018B0089A728 /* ThirdParty */,
				5B6890451BE301850089A728 /* Model */,
				5B6890441BE3015E0089A728 /* Controller */,
				5B6890431BE301520089A728 /* View */,
				5B4E1E151BDB6C9B00D54B88 /* AppDelegate.h */,
				5B4E1E161BDB6C9B00D54B88 /* AppDelegate.m */,
				5B4E1E1E1BDB6C9B00D54B88 /* Assets.xcassets */,
				5B4E1E201BDB6C9B00D54B88 /* LaunchScreen.storyboard */,
				5B4E1E121BDB6C9B00D54B88 /* Supporting Files */,
			);
			path = HappyAtHome;
			sourceTree = "<group>";
		};
		5B4E1E121BDB6C9B00D54B88 /* Supporting Files */ = {
			isa = PBXGroup;
			children = (
				5B4E1E231BDB6C9B00D54B88 /* Info.plist */,
				5B4E1E131BDB6C9B00D54B88 /* main.m */,
			);
			name = "Supporting Files";
			sourceTree = "<group>";
		};
		5B4E1E2B1BDB6C9B00D54B88 /* HappyAtHomeTests */ = {
			isa = PBXGroup;
			children = (
				5B4E1E2C1BDB6C9B00D54B88 /* HappyAtHomeTests.m */,
				5B4E1E2E1BDB6C9B00D54B88 /* Info.plist */,
			);
			path = HappyAtHomeTests;
			sourceTree = "<group>";
		};
		5B4E1E361BDB6C9C00D54B88 /* HappyAtHomeUITests */ = {
			isa = PBXGroup;
			children = (
				5B4E1E371BDB6C9C00D54B88 /* HappyAtHomeUITests.m */,
				5B4E1E391BDB6C9C00D54B88 /* Info.plist */,
			);
			path = HappyAtHomeUITests;
			sourceTree = "<group>";
		};
		5B6890431BE301520089A728 /* View */ = {
			isa = PBXGroup;
			children = (
				5B4E1E1B1BDB6C9B00D54B88 /* Main.storyboard */,
			);
			name = View;
			sourceTree = "<group>";
		};
		5B6890441BE3015E0089A728 /* Controller */ = {
			isa = PBXGroup;
			children = (
				5B458E411BE4A64800D4CB6A /* PersonCenter */,
			);
			name = Controller;
			sourceTree = "<group>";
		};
		5B6890451BE301850089A728 /* Model */ = {
			isa = PBXGroup;
			children = (
			);
			name = Model;
			sourceTree = "<group>";
		};
		5B6890461BE3018B0089A728 /* ThirdParty */ = {
			isa = PBXGroup;
			children = (
			);
			name = ThirdParty;
			sourceTree = "<group>";
		};
		5B6890501BE341AA0089A728 /* 未命名文件夹 */ = {
			isa = PBXGroup;
			children = (
				5B6890611BE349B50089A728 /* home_p.png */,
				5B6890621BE349B50089A728 /* home_p@2x.png */,
				5B6890511BE341AA0089A728 /* 0.png */,
				5B6890521BE341AA0089A728 /* 1.png */,
				5B6890531BE341AA0089A728 /* 6.png */,
				5B6890541BE341AA0089A728 /* 4.png */,
				5B6890551BE341AA0089A728 /* 7.png */,
				5B6890561BE341AA0089A728 /* 2.png */,
				5B6890571BE341AA0089A728 /* 3.png */,
			);
			name = "未命名文件夹";
			path = "HappyAtHome/未命名文件夹";
			sourceTree = "<group>";
		};
		5B8DBA371BE84D0400641E86 /* PersonOrder */ = {
			isa = PBXGroup;
			children = (
				5B49B6AA1BE9D8600091A7EA /* PersonOrderViewController.h */,
				5B49B6AB1BE9D8600091A7EA /* PersonOrderViewController.m */,
			);
			name = PersonOrder;
			sourceTree = "<group>";
		};
/* End PBXGroup section */

/* Begin PBXNativeTarget section */
		5B4E1E0E1BDB6C9B00D54B88 /* HappyAtHome */ = {
			isa = PBXNativeTarget;
			buildConfigurationList = 5B4E1E3C1BDB6C9C00D54B88 /* Build configuration list for PBXNativeTarget "HappyAtHome" */;
			buildPhases = (
				5B4E1E0B1BDB6C9B00D54B88 /* Sources */,
				5B4E1E0C1BDB6C9B00D54B88 /* Frameworks */,
				5B4E1E0D1BDB6C9B00D54B88 /* Resources */,
			);
			buildRules = (
			);
			dependencies = (
			);
			name = HappyAtHome;
			productName = HappyAtHome;
			productReference = 5B4E1E0F1BDB6C9B00D54B88 /* HappyAtHome.app */;
			productType = "com.apple.product-type.application";
		};
		5B4E1E271BDB6C9B00D54B88 /* HappyAtHomeTests */ = {
			isa = PBXNativeTarget;
			buildConfigurationList = 5B4E1E3F1BDB6C9C00D54B88 /* Build configuration list for PBXNativeTarget "HappyAtHomeTests" */;
			buildPhases = (
				5B4E1E241BDB6C9B00D54B88 /* Sources */,
				5B4E1E251BDB6C9B00D54B88 /* Frameworks */,
				5B4E1E261BDB6C9B00D54B88 /* Resources */,
			);
			buildRules = (
			);
			dependencies = (
				5B4E1E2A1BDB6C9B00D54B88 /* PBXTargetDependency */,
			);
			name = HappyAtHomeTests;
			productName = HappyAtHomeTests;
			productReference = 5B4E1E281BDB6C9B00D54B88 /* HappyAtHomeTests.xctest */;
			productType = "com.apple.product-type.bundle.unit-test";
		};
		5B4E1E321BDB6C9C00D54B88 /* HappyAtHomeUITests */ = {
			isa = PBXNativeTarget;
			buildConfigurationList = 5B4E1E421BDB6C9C00D54B88 /* Build configuration list for PBXNativeTarget "HappyAtHomeUITests" */;
			buildPhases = (
				5B4E1E2F1BDB6C9C00D54B88 /* Sources */,
				5B4E1E301BDB6C9C00D54B88 /* Frameworks */,
				5B4E1E311BDB6C9C00D54B88 /* Resources */,
			);
			buildRules = (
			);
			dependencies = (
				5B4E1E351BDB6C9C00D54B88 /* PBXTargetDependency */,
			);
			name = HappyAtHomeUITests;
			productName = HappyAtHomeUITests;
			productReference = 5B4E1E331BDB6C9C00D54B88 /* HappyAtHomeUITests.xctest */;
			productType = "com.apple.product-type.bundle.ui-testing";
		};
/* End PBXNativeTarget section */

/* Begin PBXProject section */
		5B4E1E071BDB6C9B00D54B88 /* Project object */ = {
			isa = PBXProject;
			attributes = {
				LastUpgradeCheck = 0700;
				ORGANIZATIONNAME = yuwenhui;
				TargetAttributes = {
					5B4E1E0E1BDB6C9B00D54B88 = {
						CreatedOnToolsVersion = 7.0.1;
						SystemCapabilities = {
							com.apple.BackgroundModes = {
								enabled = 1;
							};
							com.apple.Maps.iOS = {
								enabled = 1;
							};
						};
					};
					5B4E1E271BDB6C9B00D54B88 = {
						CreatedOnToolsVersion = 7.0.1;
						TestTargetID = 5B4E1E0E1BDB6C9B00D54B88;
					};
					5B4E1E321BDB6C9C00D54B88 = {
						CreatedOnToolsVersion = 7.0.1;
						TestTargetID = 5B4E1E0E1BDB6C9B00D54B88;
					};
				};
			};
			buildConfigurationList = 5B4E1E0A1BDB6C9B00D54B88 /* Build configuration list for PBXProject "HappyAtHome" */;
			compatibilityVersion = "Xcode 3.2";
			developmentRegion = English;
			hasScannedForEncodings = 0;
			knownRegions = (
				en,
				Base,
			);
			mainGroup = 5B4E1E061BDB6C9B00D54B88;
			productRefGroup = 5B4E1E101BDB6C9B00D54B88 /* Products */;
			projectDirPath = "";
			projectRoot = "";
			targets = (
				5B4E1E0E1BDB6C9B00D54B88 /* HappyAtHome */,
				5B4E1E271BDB6C9B00D54B88 /* HappyAtHomeTests */,
				5B4E1E321BDB6C9C00D54B88 /* HappyAtHomeUITests */,
			);
		};
/* End PBXProject section */

/* Begin PBXResourcesBuildPhase section */
		5B4E1E0D1BDB6C9B00D54B88 /* Resources */ = {
			isa = PBXResourcesBuildPhase;
			buildActionMask = 2147483647;
			files = (
				5B68905A1BE341AA0089A728 /* 1.png in Resources */,
				5B68905E1BE341AA0089A728 /* 2.png in Resources */,
				5B4E1E221BDB6C9B00D54B88 /* LaunchScreen.storyboard in Resources */,
				5B6890591BE341AA0089A728 /* 0.png in Resources */,
				5B6890631BE349B50089A728 /* home_p.png in Resources */,
				5B68905D1BE341AA0089A728 /* 7.png in Resources */,
				5B4E1E1F1BDB6C9B00D54B88 /* Assets.xcassets in Resources */,
				5B68905F1BE341AA0089A728 /* 3.png in Resources */,
				5B68905B1BE341AA0089A728 /* 6.png in Resources */,
				5B4E1E1D1BDB6C9B00D54B88 /* Main.storyboard in Resources */,
				5B6890641BE349B50089A728 /* home_p@2x.png in Resources */,
				5B68905C1BE341AA0089A728 /* 4.png in Resources */,
			);
			runOnlyForDeploymentPostprocessing = 0;
		};
		5B4E1E261BDB6C9B00D54B88 /* Resources */ = {
			isa = PBXResourcesBuildPhase;
			buildActionMask = 2147483647;
			files = (
			);
			runOnlyForDeploymentPostprocessing = 0;
		};
		5B4E1E311BDB6C9C00D54B88 /* Resources */ = {
			isa = PBXResourcesBuildPhase;
			buildActionMask = 2147483647;
			files = (
			);
			runOnlyForDeploymentPostprocessing = 0;
		};
/* End PBXResourcesBuildPhase section */

/* Begin PBXSourcesBuildPhase section */
		5B4E1E0B1BDB6C9B00D54B88 /* Sources */ = {
			isa = PBXSourcesBuildPhase;
			buildActionMask = 2147483647;
			files = (
				5B4E1E171BDB6C9B00D54B88 /* AppDelegate.m in Sources */,
				5B458E3D1BE4982900D4CB6A /* PersonOpetionTableViewCell.m in Sources */,
				5B49B6B21BE9D8790091A7EA /* PersonOpetionViewController.m in Sources */,
				5B68904C1BE309F80089A728 /* PersonCenterTableViewCell.m in Sources */,
				5B6890491BE305D70089A728 /* PersonCenterViewController.m in Sources */,
				5B458E461BE4A83A00D4CB6A /* PersonDataViewController.m in Sources */,
				5B49B6AF1BE9D86D0091A7EA /* PersonDataChangeViewController.m in Sources */,
				5B68904F1BE317CD0089A728 /* PersonCenterHeadTableViewCell.m in Sources */,
				5B49B6B51BE9D8A10091A7EA /* UIColor+Hex.m in Sources */,
				5B49B6AC1BE9D8600091A7EA /* PersonOrderViewController.m in Sources */,
				5B4E1E141BDB6C9B00D54B88 /* main.m in Sources */,
			);
			runOnlyForDeploymentPostprocessing = 0;
		};
		5B4E1E241BDB6C9B00D54B88 /* Sources */ = {
			isa = PBXSourcesBuildPhase;
			buildActionMask = 2147483647;
			files = (
				5B4E1E2D1BDB6C9B00D54B88 /* HappyAtHomeTests.m in Sources */,
			);
			runOnlyForDeploymentPostprocessing = 0;
		};
		5B4E1E2F1BDB6C9C00D54B88 /* Sources */ = {
			isa = PBXSourcesBuildPhase;
			buildActionMask = 2147483647;
			files = (
				5B4E1E381BDB6C9C00D54B88 /* HappyAtHomeUITests.m in Sources */,
			);
			runOnlyForDeploymentPostprocessing = 0;
		};
/* End PBXSourcesBuildPhase section */

/* Begin PBXTargetDependency section */
		5B4E1E2A1BDB6C9B00D54B88 /* PBXTargetDependency */ = {
			isa = PBXTargetDependency;
			target = 5B4E1E0E1BDB6C9B00D54B88 /* HappyAtHome */;
			targetProxy = 5B4E1E291BDB6C9B00D54B88 /* PBXContainerItemProxy */;
		};
		5B4E1E351BDB6C9C00D54B88 /* PBXTargetDependency */ = {
			isa = PBXTargetDependency;
			target = 5B4E1E0E1BDB6C9B00D54B88 /* HappyAtHome */;
			targetProxy = 5B4E1E341BDB6C9C00D54B88 /* PBXContainerItemProxy */;
		};
/* End PBXTargetDependency section */

/* Begin PBXVariantGroup section */
		5B4E1E1B1BDB6C9B00D54B88 /* Main.storyboard */ = {
			isa = PBXVariantGroup;
			children = (
				5B4E1E1C1BDB6C9B00D54B88 /* Base */,
			);
			name = Main.storyboard;
			sourceTree = "<group>";
		};
		5B4E1E201BDB6C9B00D54B88 /* LaunchScreen.storyboard */ = {
			isa = PBXVariantGroup;
			children = (
				5B4E1E211BDB6C9B00D54B88 /* Base */,
			);
			name = LaunchScreen.storyboard;
			sourceTree = "<group>";
		};
/* End PBXVariantGroup section */

/* Begin XCBuildConfiguration section */
		5B4E1E3A1BDB6C9C00D54B88 /* Debug */ = {
			isa = XCBuildConfiguration;
			buildSettings = {
				ALWAYS_SEARCH_USER_PATHS = NO;
				CLANG_CXX_LANGUAGE_STANDARD = "gnu++0x";
				CLANG_CXX_LIBRARY = "libc++";
				CLANG_ENABLE_MODULES = YES;
				CLANG_ENABLE_OBJC_ARC = YES;
				CLANG_WARN_BOOL_CONVERSION = YES;
				CLANG_WARN_CONSTANT_CONVERSION = YES;
				CLANG_WARN_DIRECT_OBJC_ISA_USAGE = YES_ERROR;
				CLANG_WARN_EMPTY_BODY = YES;
				CLANG_WARN_ENUM_CONVERSION = YES;
				CLANG_WARN_INT_CONVERSION = YES;
				CLANG_WARN_OBJC_ROOT_CLASS = YES_ERROR;
				CLANG_WARN_UNREACHABLE_CODE = YES;
				CLANG_WARN__DUPLICATE_METHOD_MATCH = YES;
				"CODE_SIGN_IDENTITY[sdk=iphoneos*]" = "iPhone Developer";
				COPY_PHASE_STRIP = NO;
				DEBUG_INFORMATION_FORMAT = dwarf;
				ENABLE_STRICT_OBJC_MSGSEND = YES;
				ENABLE_TESTABILITY = YES;
				GCC_C_LANGUAGE_STANDARD = gnu99;
				GCC_DYNAMIC_NO_PIC = NO;
				GCC_NO_COMMON_BLOCKS = YES;
				GCC_OPTIMIZATION_LEVEL = 0;
				GCC_PREPROCESSOR_DEFINITIONS = (
					"DEBUG=1",
					"$(inherited)",
				);
				GCC_WARN_64_TO_32_BIT_CONVERSION = YES;
				GCC_WARN_ABOUT_RETURN_TYPE = YES_ERROR;
				GCC_WARN_UNDECLARED_SELECTOR = YES;
				GCC_WARN_UNINITIALIZED_AUTOS = YES_AGGRESSIVE;
				GCC_WARN_UNUSED_FUNCTION = YES;
				GCC_WARN_UNUSED_VARIABLE = YES;
				IPHONEOS_DEPLOYMENT_TARGET = 9.0;
				MTL_ENABLE_DEBUG_INFO = YES;
				ONLY_ACTIVE_ARCH = YES;
				SDKROOT = iphoneos;
				TARGETED_DEVICE_FAMILY = "1,2";
			};
			name = Debug;
		};
		5B4E1E3B1BDB6C9C00D54B88 /* Release */ = {
			isa = XCBuildConfiguration;
			buildSettings = {
				ALWAYS_SEARCH_USER_PATHS = NO;
				CLANG_CXX_LANGUAGE_STANDARD = "gnu++0x";
				CLANG_CXX_LIBRARY = "libc++";
				CLANG_ENABLE_MODULES = YES;
				CLANG_ENABLE_OBJC_ARC = YES;
				CLANG_WARN_BOOL_CONVERSION = YES;
				CLANG_WARN_CONSTANT_CONVERSION = YES;
				CLANG_WARN_DIRECT_OBJC_ISA_USAGE = YES_ERROR;
				CLANG_WARN_EMPTY_BODY = YES;
				CLANG_WARN_ENUM_CONVERSION = YES;
				CLANG_WARN_INT_CONVERSION = YES;
				CLANG_WARN_OBJC_ROOT_CLASS = YES_ERROR;
				CLANG_WARN_UNREACHABLE_CODE = YES;
				CLANG_WARN__DUPLICATE_METHOD_MATCH = YES;
				"CODE_SIGN_IDENTITY[sdk=iphoneos*]" = "iPhone Developer";
				COPY_PHASE_STRIP = NO;
				DEBUG_INFORMATION_FORMAT = "dwarf-with-dsym";
				ENABLE_NS_ASSERTIONS = NO;
				ENABLE_STRICT_OBJC_MSGSEND = YES;
				GCC_C_LANGUAGE_STANDARD = gnu99;
				GCC_NO_COMMON_BLOCKS = YES;
				GCC_WARN_64_TO_32_BIT_CONVERSION = YES;
				GCC_WARN_ABOUT_RETURN_TYPE = YES_ERROR;
				GCC_WARN_UNDECLARED_SELECTOR = YES;
				GCC_WARN_UNINITIALIZED_AUTOS = YES_AGGRESSIVE;
				GCC_WARN_UNUSED_FUNCTION = YES;
				GCC_WARN_UNUSED_VARIABLE = YES;
				IPHONEOS_DEPLOYMENT_TARGET = 9.0;
				MTL_ENABLE_DEBUG_INFO = NO;
				SDKROOT = iphoneos;
				TARGETED_DEVICE_FAMILY = "1,2";
				VALIDATE_PRODUCT = YES;
			};
			name = Release;
		};
		5B4E1E3D1BDB6C9C00D54B88 /* Debug */ = {
			isa = XCBuildConfiguration;
			buildSettings = {
				ASSETCATALOG_COMPILER_APPICON_NAME = AppIcon;
				INFOPLIST_FILE = HappyAtHome/Info.plist;
				IPHONEOS_DEPLOYMENT_TARGET = 9.0;
				LD_RUNPATH_SEARCH_PATHS = "$(inherited) @executable_path/Frameworks";
				PRODUCT_BUNDLE_IDENTIFIER = SmartCityButler.HappyAtHome;
				PRODUCT_NAME = "$(TARGET_NAME)";
				TARGETED_DEVICE_FAMILY = 1;
			};
			name = Debug;
		};
		5B4E1E3E1BDB6C9C00D54B88 /* Release */ = {
			isa = XCBuildConfiguration;
			buildSettings = {
				ASSETCATALOG_COMPILER_APPICON_NAME = AppIcon;
				INFOPLIST_FILE = HappyAtHome/Info.plist;
				IPHONEOS_DEPLOYMENT_TARGET = 9.0;
				LD_RUNPATH_SEARCH_PATHS = "$(inherited) @executable_path/Frameworks";
				PRODUCT_BUNDLE_IDENTIFIER = SmartCityButler.HappyAtHome;
				PRODUCT_NAME = "$(TARGET_NAME)";
				TARGETED_DEVICE_FAMILY = 1;
			};
			name = Release;
		};
		5B4E1E401BDB6C9C00D54B88 /* Debug */ = {
			isa = XCBuildConfiguration;
			buildSettings = {
				BUNDLE_LOADER = "$(TEST_HOST)";
				INFOPLIST_FILE = HappyAtHomeTests/Info.plist;
				LD_RUNPATH_SEARCH_PATHS = "$(inherited) @executable_path/Frameworks @loader_path/Frameworks";
				PRODUCT_BUNDLE_IDENTIFIER = SmartCityButler.HappyAtHomeTests;
				PRODUCT_NAME = "$(TARGET_NAME)";
				TEST_HOST = "$(BUILT_PRODUCTS_DIR)/HappyAtHome.app/HappyAtHome";
			};
			name = Debug;
		};
		5B4E1E411BDB6C9C00D54B88 /* Release */ = {
			isa = XCBuildConfiguration;
			buildSettings = {
				BUNDLE_LOADER = "$(TEST_HOST)";
				INFOPLIST_FILE = HappyAtHomeTests/Info.plist;
				LD_RUNPATH_SEARCH_PATHS = "$(inherited) @executable_path/Frameworks @loader_path/Frameworks";
				PRODUCT_BUNDLE_IDENTIFIER = SmartCityButler.HappyAtHomeTests;
				PRODUCT_NAME = "$(TARGET_NAME)";
				TEST_HOST = "$(BUILT_PRODUCTS_DIR)/HappyAtHome.app/HappyAtHome";
			};
			name = Release;
		};
		5B4E1E431BDB6C9C00D54B88 /* Debug */ = {
			isa = XCBuildConfiguration;
			buildSettings = {
				INFOPLIST_FILE = HappyAtHomeUITests/Info.plist;
				LD_RUNPATH_SEARCH_PATHS = "$(inherited) @executable_path/Frameworks @loader_path/Frameworks";
				PRODUCT_BUNDLE_IDENTIFIER = SmartCityButler.HappyAtHomeUITests;
				PRODUCT_NAME = "$(TARGET_NAME)";
				TEST_TARGET_NAME = HappyAtHome;
				USES_XCTRUNNER = YES;
			};
			name = Debug;
		};
		5B4E1E441BDB6C9C00D54B88 /* Release */ = {
			isa = XCBuildConfiguration;
			buildSettings = {
				INFOPLIST_FILE = HappyAtHomeUITests/Info.plist;
				LD_RUNPATH_SEARCH_PATHS = "$(inherited) @executable_path/Frameworks @loader_path/Frameworks";
				PRODUCT_BUNDLE_IDENTIFIER = SmartCityButler.HappyAtHomeUITests;
				PRODUCT_NAME = "$(TARGET_NAME)";
				TEST_TARGET_NAME = HappyAtHome;
				USES_XCTRUNNER = YES;
			};
			name = Release;
		};
/* End XCBuildConfiguration section */

/* Begin XCConfigurationList section */
		5B4E1E0A1BDB6C9B00D54B88 /* Build configuration list for PBXProject "HappyAtHome" */ = {
			isa = XCConfigurationList;
			buildConfigurations = (
				5B4E1E3A1BDB6C9C00D54B88 /* Debug */,
				5B4E1E3B1BDB6C9C00D54B88 /* Release */,
			);
			defaultConfigurationIsVisible = 0;
			defaultConfigurationName = Release;
		};
		5B4E1E3C1BDB6C9C00D54B88 /* Build configuration list for PBXNativeTarget "HappyAtHome" */ = {
			isa = XCConfigurationList;
			buildConfigurations = (
				5B4E1E3D1BDB6C9C00D54B88 /* Debug */,
				5B4E1E3E1BDB6C9C00D54B88 /* Release */,
			);
			defaultConfigurationIsVisible = 0;
			defaultConfigurationName = Release;
		};
		5B4E1E3F1BDB6C9C00D54B88 /* Build configuration list for PBXNativeTarget "HappyAtHomeTests" */ = {
			isa = XCConfigurationList;
			buildConfigurations = (
				5B4E1E401BDB6C9C00D54B88 /* Debug */,
				5B4E1E411BDB6C9C00D54B88 /* Release */,
			);
			defaultConfigurationIsVisible = 0;
			defaultConfigurationName = Release;
		};
		5B4E1E421BDB6C9C00D54B88 /* Build configuration list for PBXNativeTarget "HappyAtHomeUITests" */ = {
			isa = XCConfigurationList;
			buildConfigurations = (
				5B4E1E431BDB6C9C00D54B88 /* Debug */,
				5B4E1E441BDB6C9C00D54B88 /* Release */,
			);
			defaultConfigurationIsVisible = 0;
			defaultConfigurationName = Release;
		};
/* End XCConfigurationList section */
	};
	rootObject = 5B4E1E071BDB6C9B00D54B88 /* Project object */;
}
